
Microsoft Visual Studio Solution File, Format Version 12.00
# Visual Studio Version 17
VisualStudioVersion = 17.0.32014.148
MinimumVisualStudioVersion = 10.0.40219.1
Project("{9A19103F-16F7-4668-BE54-9A1E7A4F7556}") = "sender", "sender.csproj", "{B4579671-3B24-4D04-ABDD-764EED6DF178}"
EndProject
Global
	GlobalSection(SolutionConfigurationPlatforms) = preSolution
		Debug|Any CPU = Debug|Any CPU
		Release|Any CPU = Release|Any CPU
	EndGlobalSection
	GlobalSection(ProjectConfigurationPlatforms) = postSolution
		{B4579671-3B24-4D04-ABDD-764EED6DF178}.Debug|Any CPU.ActiveCfg = Debug|Any CPU
		{B4579671-3B24-4D04-ABDD-764EED6DF178}.Debug|Any CPU.Build.0 = Debug|Any CPU
		{B4579671-3B24-4D04-ABDD-764EED6DF178}.Release|Any CPU.ActiveCfg = Release|Any CPU
		{B4579671-3B24-4D04-ABDD-764EED6DF178}.Release|Any CPU.Build.0 = Release|Any CPU
	EndGlobalSection
	GlobalSection(SolutionProperties) = preSolution
		HideSolutionNode = FALSE
	EndGlobalSection
	GlobalSection(ExtensibilityGlobals) = postSolution
		SolutionGuid = {CD14DCE8-5825-4057-BC60-6D37EFBCB89A}
	EndGlobalSection
EndGlobal
